const { chromium } = require('playwright');

(async () => {
  const browser = await chromium.launch({ headless: true });
  const page = await browser.newPage();

  // Go directly to login page
  await page.goto('https://app.factorialhr.com/users/sign_in');

  await page.waitForTimeout(5000);

  // Screenshot BEFORE login
  await page.screenshot({ path: 'before-login.png' });

  // Try normal login
  if (await page.locator('input[type="email"]').count() > 0) {
    await page.fill('input[type="email"]', process.env.EMAIL);
    await page.fill('input[type="password"]', process.env.PASSWORD);
    await page.click('button[type="submit"]');
  } else {
    console.log("No email/password login found (likely SSO)");
  }

  await page.waitForTimeout(8000);

  // Screenshot AFTER login attempt
  await page.screenshot({ path: 'after-login.png' });

  const buttons = await page.locator('button').allTextContents();
  console.log("BUTTONS:", buttons);

  await browser.close();
})();
